
Microsoft Visual Studio Solution File, Format Version 12.00
# Visual Studio 15
VisualStudioVersion = 15.0.26430.16
MinimumVisualStudioVersion = 10.0.40219.1
Project("{FAE04EC0-301F-11D3-BF4B-00C04F79EFBC}") = "SSR COLOMBIA", "SSR COLOMBIA\SSR COLOMBIA.csproj", "{07DB9FAE-31B2-4679-A4F0-F6ADB938E20B}"
EndProject
Global
	GlobalSection(SolutionConfigurationPlatforms) = preSolution
		Debug|Any CPU = Debug|Any CPU
		Release|Any CPU = Release|Any CPU
	EndGlobalSection
	GlobalSection(ProjectConfigurationPlatforms) = postSolution
		{07DB9FAE-31B2-4679-A4F0-F6ADB938E20B}.Debug|Any CPU.ActiveCfg = Debug|Any CPU
		{07DB9FAE-31B2-4679-A4F0-F6ADB938E20B}.Debug|Any CPU.Build.0 = Debug|Any CPU
		{07DB9FAE-31B2-4679-A4F0-F6ADB938E20B}.Release|Any CPU.ActiveCfg = Release|Any CPU
		{07DB9FAE-31B2-4679-A4F0-F6ADB938E20B}.Release|Any CPU.Build.0 = Release|Any CPU
	EndGlobalSection
	GlobalSection(SolutionProperties) = preSolution
		HideSolutionNode = FALSE
	EndGlobalSection
EndGlobal
